<?xml version="1.0" encoding="UTF-8"?>
<!--
  A *shared* scheme, which is the only kind `xcodebuild -scheme` can see.

  Xcode writes schemes into `xcuserdata` by default — per-developer, and
  gitignored — so a project that builds perfectly on the machine that made
  it fails on CI with "scheme App not found". Capacitor's template generates
  no scheme at all, so this one is written by hand and committed. The
  blueprint identifier is the App target's own id in project.pbxproj; if
  that project is ever regenerated from scratch, this file has to be
  regenerated with it.
-->
<Scheme LastUpgradeVersion = "1500" version = "1.7">
   <BuildAction parallelizeBuildables = "YES" buildImplicitDependencies = "YES">
      <BuildActionEntries>
         <BuildActionEntry buildForTesting = "YES" buildForRunning = "YES" buildForProfiling = "YES" buildForArchiving = "YES" buildForAnalyzing = "YES">
            <BuildableReference
               BuildableIdentifier = "primary"
               BlueprintIdentifier = "504EC3031FED79650016851F"
               BuildableName = "App.app"
               BlueprintName = "App"
               ReferencedContainer = "container:App.xcodeproj">
            </BuildableReference>
         </BuildActionEntry>
      </BuildActionEntries>
   </BuildAction>
   <TestAction buildConfiguration = "Debug" selectedDebuggerIdentifier = "Xcode.DebuggerFoundation.Debugger.LLDB" selectedLauncherIdentifier = "Xcode.DebuggerFoundation.Launcher.LLDB" shouldUseLaunchSchemeArgsEnv = "YES">
      <Testables>
      </Testables>
   </TestAction>
   <LaunchAction buildConfiguration = "Debug" selectedDebuggerIdentifier = "Xcode.DebuggerFoundation.Debugger.LLDB" selectedLauncherIdentifier = "Xcode.DebuggerFoundation.Launcher.LLDB" launchStyle = "0" useCustomWorkingDirectory = "NO" ignoresPersistentStateOnLaunch = "NO" debugDocumentVersioning = "YES" debugServiceExtension = "internal" allowLocationSimulation = "YES">
      <BuildableProductRunnable runnableDebuggingMode = "0">
         <BuildableReference
            BuildableIdentifier = "primary"
            BlueprintIdentifier = "504EC3031FED79650016851F"
            BuildableName = "App.app"
            BlueprintName = "App"
            ReferencedContainer = "container:App.xcodeproj">
         </BuildableReference>
      </BuildableProductRunnable>
   </LaunchAction>
   <ProfileAction buildConfiguration = "Release" shouldUseLaunchSchemeArgsEnv = "YES" savedToolIdentifier = "" useCustomWorkingDirectory = "NO" debugDocumentVersioning = "YES">
      <BuildableProductRunnable runnableDebuggingMode = "0">
         <BuildableReference
            BuildableIdentifier = "primary"
            BlueprintIdentifier = "504EC3031FED79650016851F"
            BuildableName = "App.app"
            BlueprintName = "App"
            ReferencedContainer = "container:App.xcodeproj">
         </BuildableReference>
      </BuildableProductRunnable>
   </ProfileAction>
   <AnalyzeAction buildConfiguration = "Debug">
   </AnalyzeAction>
   <ArchiveAction buildConfiguration = "Release" revealArchiveInOrganizer = "YES">
   </ArchiveAction>
</Scheme>
